
Microsoft Visual Studio Solution File, Format Version 12.00
# Visual Studio Version 17
VisualStudioVersion = 17.14.36603.0 d17.14
MinimumVisualStudioVersion = 10.0.40219.1
Project("{FAE04EC0-301F-11D3-BF4B-00C04F79EFBC}") = "DelegatedDemo", "DelegatedDemo\DelegatedDemo.csproj", "{1A90BFAE-D407-4748-B641-F5763CCA1A8C}"
EndProject
Project("{FAE04EC0-301F-11D3-BF4B-00C04F79EFBC}") = "DelegateBasics", "DelegateBasics\DelegateBasics.csproj", "{1F28598D-48DE-402D-BBBB-112C0165BFE0}"
EndProject
Global
	GlobalSection(SolutionConfigurationPlatforms) = preSolution
		Debug|Any CPU = Debug|Any CPU
		Release|Any CPU = Release|Any CPU
	EndGlobalSection
	GlobalSection(ProjectConfigurationPlatforms) = postSolution
		{1A90BFAE-D407-4748-B641-F5763CCA1A8C}.Debug|Any CPU.ActiveCfg = Debug|Any CPU
		{1A90BFAE-D407-4748-B641-F5763CCA1A8C}.Debug|Any CPU.Build.0 = Debug|Any CPU
		{1A90BFAE-D407-4748-B641-F5763CCA1A8C}.Release|Any CPU.ActiveCfg = Release|Any CPU
		{1A90BFAE-D407-4748-B641-F5763CCA1A8C}.Release|Any CPU.Build.0 = Release|Any CPU
		{1F28598D-48DE-402D-BBBB-112C0165BFE0}.Debug|Any CPU.ActiveCfg = Debug|Any CPU
		{1F28598D-48DE-402D-BBBB-112C0165BFE0}.Debug|Any CPU.Build.0 = Debug|Any CPU
		{1F28598D-48DE-402D-BBBB-112C0165BFE0}.Release|Any CPU.ActiveCfg = Release|Any CPU
		{1F28598D-48DE-402D-BBBB-112C0165BFE0}.Release|Any CPU.Build.0 = Release|Any CPU
	EndGlobalSection
	GlobalSection(SolutionProperties) = preSolution
		HideSolutionNode = FALSE
	EndGlobalSection
	GlobalSection(ExtensibilityGlobals) = postSolution
		SolutionGuid = {1A475FD7-724E-4CC4-9494-17A589163A7E}
	EndGlobalSection
EndGlobal
