
Microsoft Visual Studio Solution File, Format Version 12.00
# Visual Studio Version 17
VisualStudioVersion = 17.14.36603.0 d17.14
MinimumVisualStudioVersion = 10.0.40219.1
Project("{FAE04EC0-301F-11D3-BF4B-00C04F79EFBC}") = "BuilderPattern", "BuilderPattern\BuilderPattern.csproj", "{99FE0EED-F122-4A07-981B-276C12F6A69B}"
EndProject
Global
	GlobalSection(SolutionConfigurationPlatforms) = preSolution
		Debug|Any CPU = Debug|Any CPU
		Release|Any CPU = Release|Any CPU
	EndGlobalSection
	GlobalSection(ProjectConfigurationPlatforms) = postSolution
		{99FE0EED-F122-4A07-981B-276C12F6A69B}.Debug|Any CPU.ActiveCfg = Debug|Any CPU
		{99FE0EED-F122-4A07-981B-276C12F6A69B}.Debug|Any CPU.Build.0 = Debug|Any CPU
		{99FE0EED-F122-4A07-981B-276C12F6A69B}.Release|Any CPU.ActiveCfg = Release|Any CPU
		{99FE0EED-F122-4A07-981B-276C12F6A69B}.Release|Any CPU.Build.0 = Release|Any CPU
	EndGlobalSection
	GlobalSection(SolutionProperties) = preSolution
		HideSolutionNode = FALSE
	EndGlobalSection
	GlobalSection(ExtensibilityGlobals) = postSolution
		SolutionGuid = {1AF334E0-B282-4AB4-ACFF-490ABA90E032}
	EndGlobalSection
EndGlobal
