
Microsoft Visual Studio Solution File, Format Version 12.00
# Visual Studio Version 17
VisualStudioVersion = 17.14.36603.0 d17.14
MinimumVisualStudioVersion = 10.0.40219.1
Project("{FAE04EC0-301F-11D3-BF4B-00C04F79EFBC}") = "HelloWorld", "HelloWorld\HelloWorld.csproj", "{203259AA-935A-4D98-8B9A-8B7F7C7527DD}"
EndProject
Global
	GlobalSection(SolutionConfigurationPlatforms) = preSolution
		Debug|Any CPU = Debug|Any CPU
		Release|Any CPU = Release|Any CPU
	EndGlobalSection
	GlobalSection(ProjectConfigurationPlatforms) = postSolution
		{203259AA-935A-4D98-8B9A-8B7F7C7527DD}.Debug|Any CPU.ActiveCfg = Debug|Any CPU
		{203259AA-935A-4D98-8B9A-8B7F7C7527DD}.Debug|Any CPU.Build.0 = Debug|Any CPU
		{203259AA-935A-4D98-8B9A-8B7F7C7527DD}.Release|Any CPU.ActiveCfg = Release|Any CPU
		{203259AA-935A-4D98-8B9A-8B7F7C7527DD}.Release|Any CPU.Build.0 = Release|Any CPU
	EndGlobalSection
	GlobalSection(SolutionProperties) = preSolution
		HideSolutionNode = FALSE
	EndGlobalSection
	GlobalSection(ExtensibilityGlobals) = postSolution
		SolutionGuid = {B9F97384-AFDD-49FA-8806-5F9A9B580B30}
	EndGlobalSection
EndGlobal
